
Microsoft Visual Studio Solution File, Format Version 12.00
# Visual Studio 2013
VisualStudioVersion = 12.0.40629.0
MinimumVisualStudioVersion = 10.0.40219.1
Project("{8BC9CEB8-8B4A-11D0-8D11-00A0C91BC942}") = "driver_hmd", "driver_hmd\driver_hmd.vcxproj", "{ED44025D-6C58-466F-8A74-218F3DCAF7EE}"
EndProject
Project("{8BC9CEB8-8B4A-11D0-8D11-00A0C91BC942}") = "hmd_monitor", "hmd_monitor\hmd_monitor.vcxproj", "{2D7A35B4-3F1D-4E2F-A31B-332C252BAFFB}"
EndProject
Global
	GlobalSection(SolutionConfigurationPlatforms) = preSolution
		Debug|x64 = Debug|x64
		Debug|x86 = Debug|x86
		Release|x64 = Release|x64
		Release|x86 = Release|x86
	EndGlobalSection
	GlobalSection(ProjectConfigurationPlatforms) = postSolution
		{ED44025D-6C58-466F-8A74-218F3DCAF7EE}.Debug|x64.ActiveCfg = Debug|x64
		{ED44025D-6C58-466F-8A74-218F3DCAF7EE}.Debug|x64.Build.0 = Debug|x64
		{ED44025D-6C58-466F-8A74-218F3DCAF7EE}.Debug|x86.ActiveCfg = Debug|Win32
		{ED44025D-6C58-466F-8A74-218F3DCAF7EE}.Debug|x86.Build.0 = Debug|Win32
		{ED44025D-6C58-466F-8A74-218F3DCAF7EE}.Release|x64.ActiveCfg = Release|x64
		{ED44025D-6C58-466F-8A74-218F3DCAF7EE}.Release|x64.Build.0 = Release|x64
		{ED44025D-6C58-466F-8A74-218F3DCAF7EE}.Release|x86.ActiveCfg = Release|Win32
		{ED44025D-6C58-466F-8A74-218F3DCAF7EE}.Release|x86.Build.0 = Release|Win32
		{2D7A35B4-3F1D-4E2F-A31B-332C252BAFFB}.Debug|x64.ActiveCfg = Debug|x64
		{2D7A35B4-3F1D-4E2F-A31B-332C252BAFFB}.Debug|x64.Build.0 = Debug|x64
		{2D7A35B4-3F1D-4E2F-A31B-332C252BAFFB}.Debug|x86.ActiveCfg = Debug|Win32
		{2D7A35B4-3F1D-4E2F-A31B-332C252BAFFB}.Debug|x86.Build.0 = Debug|Win32
		{2D7A35B4-3F1D-4E2F-A31B-332C252BAFFB}.Release|x64.ActiveCfg = Release|x64
		{2D7A35B4-3F1D-4E2F-A31B-332C252BAFFB}.Release|x64.Build.0 = Release|x64
		{2D7A35B4-3F1D-4E2F-A31B-332C252BAFFB}.Release|x86.ActiveCfg = Release|Win32
		{2D7A35B4-3F1D-4E2F-A31B-332C252BAFFB}.Release|x86.Build.0 = Release|Win32
	EndGlobalSection
	GlobalSection(SolutionProperties) = preSolution
		HideSolutionNode = FALSE
	EndGlobalSection
EndGlobal
